
Microsoft Visual Studio Solution File, Format Version 12.00
# Visual Studio Version 16
VisualStudioVersion = 16.0.31205.134
MinimumVisualStudioVersion = 10.0.40219.1
Project("{FAE04EC0-301F-11D3-BF4B-00C04F79EFBC}") = "Presentacion", "VideoClubApp\Presentacion.csproj", "{A1CD2942-CF15-4647-BE38-A4D81C88C982}"
EndProject
Project("{FAE04EC0-301F-11D3-BF4B-00C04F79EFBC}") = "Entidades", "Entidades\Entidades.csproj", "{60804483-CFAA-4B9A-A7CC-3435921D550F}"
EndProject
Project("{FAE04EC0-301F-11D3-BF4B-00C04F79EFBC}") = "Negocio", "Negocio\Negocio.csproj", "{690B6E5E-8EFF-4FFE-9B4C-DCD2EAD15C31}"
EndProject
Project("{FAE04EC0-301F-11D3-BF4B-00C04F79EFBC}") = "Datos", "Datos\Datos.csproj", "{EDA82E44-CDD5-4634-B588-FFBE03E15B82}"
EndProject
Global
	GlobalSection(SolutionConfigurationPlatforms) = preSolution
		Debug|Any CPU = Debug|Any CPU
		Release|Any CPU = Release|Any CPU
	EndGlobalSection
	GlobalSection(ProjectConfigurationPlatforms) = postSolution
		{A1CD2942-CF15-4647-BE38-A4D81C88C982}.Debug|Any CPU.ActiveCfg = Debug|Any CPU
		{A1CD2942-CF15-4647-BE38-A4D81C88C982}.Debug|Any CPU.Build.0 = Debug|Any CPU
		{A1CD2942-CF15-4647-BE38-A4D81C88C982}.Release|Any CPU.ActiveCfg = Release|Any CPU
		{A1CD2942-CF15-4647-BE38-A4D81C88C982}.Release|Any CPU.Build.0 = Release|Any CPU
		{60804483-CFAA-4B9A-A7CC-3435921D550F}.Debug|Any CPU.ActiveCfg = Debug|Any CPU
		{60804483-CFAA-4B9A-A7CC-3435921D550F}.Debug|Any CPU.Build.0 = Debug|Any CPU
		{60804483-CFAA-4B9A-A7CC-3435921D550F}.Release|Any CPU.ActiveCfg = Release|Any CPU
		{60804483-CFAA-4B9A-A7CC-3435921D550F}.Release|Any CPU.Build.0 = Release|Any CPU
		{690B6E5E-8EFF-4FFE-9B4C-DCD2EAD15C31}.Debug|Any CPU.ActiveCfg = Debug|Any CPU
		{690B6E5E-8EFF-4FFE-9B4C-DCD2EAD15C31}.Debug|Any CPU.Build.0 = Debug|Any CPU
		{690B6E5E-8EFF-4FFE-9B4C-DCD2EAD15C31}.Release|Any CPU.ActiveCfg = Release|Any CPU
		{690B6E5E-8EFF-4FFE-9B4C-DCD2EAD15C31}.Release|Any CPU.Build.0 = Release|Any CPU
		{EDA82E44-CDD5-4634-B588-FFBE03E15B82}.Debug|Any CPU.ActiveCfg = Debug|Any CPU
		{EDA82E44-CDD5-4634-B588-FFBE03E15B82}.Debug|Any CPU.Build.0 = Debug|Any CPU
		{EDA82E44-CDD5-4634-B588-FFBE03E15B82}.Release|Any CPU.ActiveCfg = Release|Any CPU
		{EDA82E44-CDD5-4634-B588-FFBE03E15B82}.Release|Any CPU.Build.0 = Release|Any CPU
	EndGlobalSection
	GlobalSection(SolutionProperties) = preSolution
		HideSolutionNode = FALSE
	EndGlobalSection
	GlobalSection(ExtensibilityGlobals) = postSolution
		SolutionGuid = {CC336140-FC52-436B-A96C-A20AB5DE880D}
	EndGlobalSection
EndGlobal
